
Microsoft Visual Studio Solution File, Format Version 12.00
# Visual Studio Version 17
VisualStudioVersion = 17.9.34616.47
MinimumVisualStudioVersion = 10.0.40219.1
Project("{9A19103F-16F7-4668-BE54-9A1E7A4F7556}") = "Server", "Server\Server.csproj", "{A185E378-420F-4D5D-8F09-ED20FF10F105}"
EndProject
Project("{9A19103F-16F7-4668-BE54-9A1E7A4F7556}") = "Client", "Client\Client.csproj", "{7C7F2149-FB35-4AA5-BC90-7B19E4CA5882}"
EndProject
Project("{FAE04EC0-301F-11D3-BF4B-00C04F79EFBC}") = "Shared", "Shared\Shared.csproj", "{EC294079-46BD-4B7D-AAD4-62684E96235E}"
EndProject
Global
	GlobalSection(SolutionConfigurationPlatforms) = preSolution
		Debug|Any CPU = Debug|Any CPU
		Release|Any CPU = Release|Any CPU
	EndGlobalSection
	GlobalSection(ProjectConfigurationPlatforms) = postSolution
		{A185E378-420F-4D5D-8F09-ED20FF10F105}.Debug|Any CPU.ActiveCfg = Debug|Any CPU
		{A185E378-420F-4D5D-8F09-ED20FF10F105}.Debug|Any CPU.Build.0 = Debug|Any CPU
		{A185E378-420F-4D5D-8F09-ED20FF10F105}.Release|Any CPU.ActiveCfg = Release|Any CPU
		{A185E378-420F-4D5D-8F09-ED20FF10F105}.Release|Any CPU.Build.0 = Release|Any CPU
		{7C7F2149-FB35-4AA5-BC90-7B19E4CA5882}.Debug|Any CPU.ActiveCfg = Debug|Any CPU
		{7C7F2149-FB35-4AA5-BC90-7B19E4CA5882}.Debug|Any CPU.Build.0 = Debug|Any CPU
		{7C7F2149-FB35-4AA5-BC90-7B19E4CA5882}.Release|Any CPU.ActiveCfg = Release|Any CPU
		{7C7F2149-FB35-4AA5-BC90-7B19E4CA5882}.Release|Any CPU.Build.0 = Release|Any CPU
		{EC294079-46BD-4B7D-AAD4-62684E96235E}.Debug|Any CPU.ActiveCfg = Debug|Any CPU
		{EC294079-46BD-4B7D-AAD4-62684E96235E}.Debug|Any CPU.Build.0 = Debug|Any CPU
		{EC294079-46BD-4B7D-AAD4-62684E96235E}.Release|Any CPU.ActiveCfg = Release|Any CPU
		{EC294079-46BD-4B7D-AAD4-62684E96235E}.Release|Any CPU.Build.0 = Release|Any CPU
	EndGlobalSection
	GlobalSection(SolutionProperties) = preSolution
		HideSolutionNode = FALSE
	EndGlobalSection
	GlobalSection(ExtensibilityGlobals) = postSolution
		SolutionGuid = {A6AA82B3-13EA-486F-AB31-09BE679FB8CB}
	EndGlobalSection
EndGlobal
